// !$*UTF8*$!
{
	archiveVersion = 1;
	classes = {
	};
	objectVersion = 50;
	objects = {

/* Begin PBXBuildFile section */
		535581E2275E7A32001B18A3 /* commands.cpp in Sources */ = {isa = PBXBuildFile; fileRef = 535581DD275E7A32001B18A3 /* commands.cpp */; };
		535581E3275E7A32001B18A3 /* signals.cpp in Sources */ = {isa = PBXBuildFile; fileRef = 535581DE275E7A32001B18A3 /* signals.cpp */; };
		535581E4275E7A32001B18A3 /* smash.cpp in Sources */ = {isa = PBXBuildFile; fileRef = 535581E0275E7A32001B18A3 /* smash.cpp */; };
		535581E7275E9D2D001B18A3 /* job.cpp in Sources */ = {isa = PBXBuildFile; fileRef = 535581E6275E9D2D001B18A3 /* job.cpp */; };
		53904050274C3E9500C10CF5 /* main.cpp in Sources */ = {isa = PBXBuildFile; fileRef = 5390404F274C3E9500C10CF5 /* main.cpp */; };
/* End PBXBuildFile section */

/* Begin PBXCopyFilesBuildPhase section */
		5390404A274C3E9500C10CF5 /* CopyFiles */ = {
			isa = PBXCopyFilesBuildPhase;
			buildActionMask = 2147483647;
			dstPath = /usr/share/man/man1/;
			dstSubfolderSpec = 0;
			files = (
			);
			runOnlyForDeploymentPostprocessing = 1;
		};
/* End PBXCopyFilesBuildPhase section */

/* Begin PBXFileReference section */
		535581DD275E7A32001B18A3 /* commands.cpp */ = {isa = PBXFileReference; fileEncoding = 4; lastKnownFileType = sourcecode.cpp.cpp; path = commands.cpp; sourceTree = "<group>"; };
		535581DE275E7A32001B18A3 /* signals.cpp */ = {isa = PBXFileReference; fileEncoding = 4; lastKnownFileType = sourcecode.cpp.cpp; path = signals.cpp; sourceTree = "<group>"; };
		535581DF275E7A32001B18A3 /* commands.h */ = {isa = PBXFileReference; fileEncoding = 4; lastKnownFileType = sourcecode.c.h; path = commands.h; sourceTree = "<group>"; };
		535581E0275E7A32001B18A3 /* smash.cpp */ = {isa = PBXFileReference; fileEncoding = 4; lastKnownFileType = sourcecode.cpp.cpp; path = smash.cpp; sourceTree = "<group>"; };
		535581E1275E7A32001B18A3 /* signals.h */ = {isa = PBXFileReference; fileEncoding = 4; lastKnownFileType = sourcecode.c.h; path = signals.h; sourceTree = "<group>"; };
		535581E5275E9D2D001B18A3 /* job.h */ = {isa = PBXFileReference; fileEncoding = 4; lastKnownFileType = sourcecode.c.h; path = job.h; sourceTree = "<group>"; };
		535581E6275E9D2D001B18A3 /* job.cpp */ = {isa = PBXFileReference; fileEncoding = 4; lastKnownFileType = sourcecode.cpp.cpp; path = job.cpp; sourceTree = "<group>"; };
		535581E8275E9F3B001B18A3 /* includes.h */ = {isa = PBXFileReference; lastKnownFileType = sourcecode.c.h; path = includes.h; sourceTree = "<group>"; };
		5390404C274C3E9500C10CF5 /* OS1draft */ = {isa = PBXFileReference; explicitFileType = "compiled.mach-o.executable"; includeInIndex = 0; path = OS1draft; sourceTree = BUILT_PRODUCTS_DIR; };
		5390404F274C3E9500C10CF5 /* main.cpp */ = {isa = PBXFileReference; lastKnownFileType = sourcecode.cpp.cpp; path = main.cpp; sourceTree = "<group>"; };
/* End PBXFileReference section */

/* Begin PBXFrameworksBuildPhase section */
		53904049274C3E9500C10CF5 /* Frameworks */ = {
			isa = PBXFrameworksBuildPhase;
			buildActionMask = 2147483647;
			files = (
			);
			runOnlyForDeploymentPostprocessing = 0;
		};
/* End PBXFrameworksBuildPhase section */

/* Begin PBXGroup section */
		53904043274C3E9500C10CF5 = {
			isa = PBXGroup;
			children = (
				5390404E274C3E9500C10CF5 /* OS1draft */,
				5390404D274C3E9500C10CF5 /* Products */,
			);
			sourceTree = "<group>";
		};
		5390404D274C3E9500C10CF5 /* Products */ = {
			isa = PBXGroup;
			children = (
				5390404C274C3E9500C10CF5 /* OS1draft */,
			);
			name = Products;
			sourceTree = "<group>";
		};
		5390404E274C3E9500C10CF5 /* OS1draft */ = {
			isa = PBXGroup;
			children = (
				535581E8275E9F3B001B18A3 /* includes.h */,
				5390404F274C3E9500C10CF5 /* main.cpp */,
				535581E5275E9D2D001B18A3 /* job.h */,
				535581E6275E9D2D001B18A3 /* job.cpp */,
				535581DF275E7A32001B18A3 /* commands.h */,
				535581DD275E7A32001B18A3 /* commands.cpp */,
				535581E1275E7A32001B18A3 /* signals.h */,
				535581DE275E7A32001B18A3 /* signals.cpp */,
				535581E0275E7A32001B18A3 /* smash.cpp */,
			);
			path = OS1draft;
			sourceTree = "<group>";
		};
/* End PBXGroup section */

/* Begin PBXNativeTarget section */
		5390404B274C3E9500C10CF5 /* OS1draft */ = {
			isa = PBXNativeTarget;
			buildConfigurationList = 53904053274C3E9500C10CF5 /* Build configuration list for PBXNativeTarget "OS1draft" */;
			buildPhases = (
				53904048274C3E9500C10CF5 /* Sources */,
				53904049274C3E9500C10CF5 /* Frameworks */,
				5390404A274C3E9500C10CF5 /* CopyFiles */,
			);
			buildRules = (
			);
			dependencies = (
			);
			name = OS1draft;
			productName = OS1draft;
			productReference = 5390404C274C3E9500C10CF5 /* OS1draft */;
			productType = "com.apple.product-type.tool";
		};
/* End PBXNativeTarget section */

/* Begin PBXProject section */
		53904044274C3E9500C10CF5 /* Project object */ = {
			isa = PBXProject;
			attributes = {
				LastUpgradeCheck = 1150;
				ORGANIZATIONNAME = Elior;
				TargetAttributes = {
					5390404B274C3E9500C10CF5 = {
						CreatedOnToolsVersion = 11.5;
					};
				};
			};
			buildConfigurationList = 53904047274C3E9500C10CF5 /* Build configuration list for PBXProject "OS1draft" */;
			compatibilityVersion = "Xcode 9.3";
			developmentRegion = en;
			hasScannedForEncodings = 0;
			knownRegions = (
				en,
				Base,
			);
			mainGroup = 53904043274C3E9500C10CF5;
			productRefGroup = 5390404D274C3E9500C10CF5 /* Products */;
			projectDirPath = "";
			projectRoot = "";
			targets = (
				5390404B274C3E9500C10CF5 /* OS1draft */,
			);
		};
/* End PBXProject section */

/* Begin PBXSourcesBuildPhase section */
		53904048274C3E9500C10CF5 /* Sources */ = {
			isa = PBXSourcesBuildPhase;
			buildActionMask = 2147483647;
			files = (
				535581E3275E7A32001B18A3 /* signals.cpp in Sources */,
				53904050274C3E9500C10CF5 /* main.cpp in Sources */,
				535581E4275E7A32001B18A3 /* smash.cpp in Sources */,
				535581E7275E9D2D001B18A3 /* job.cpp in Sources */,
				535581E2275E7A32001B18A3 /* commands.cpp in Sources */,
			);
			runOnlyForDeploymentPostprocessing = 0;
		};
/* End PBXSourcesBuildPhase section */

/* Begin XCBuildConfiguration section */
		53904051274C3E9500C10CF5 /* Debug */ = {
			isa = XCBuildConfiguration;
			buildSettings = {
				ALWAYS_SEARCH_USER_PATHS = NO;
				CLANG_ANALYZER_NONNULL = YES;
				CLANG_ANALYZER_NUMBER_OBJECT_CONVERSION = YES_AGGRESSIVE;
				CLANG_CXX_LANGUAGE_STANDARD = "gnu++14";
				CLANG_CXX_LIBRARY = "libc++";
				CLANG_ENABLE_MODULES = YES;
				CLANG_ENABLE_OBJC_ARC = YES;
				CLANG_ENABLE_OBJC_WEAK = YES;
				CLANG_WARN_BLOCK_CAPTURE_AUTORELEASING = YES;
				CLANG_WARN_BOOL_CONVERSION = YES;
				CLANG_WARN_COMMA = YES;
				CLANG_WARN_CONSTANT_CONVERSION = YES;
				CLANG_WARN_DEPRECATED_OBJC_IMPLEMENTATIONS = YES;
				CLANG_WARN_DIRECT_OBJC_ISA_USAGE = YES_ERROR;
				CLANG_WARN_DOCUMENTATION_COMMENTS = YES;
				CLANG_WARN_EMPTY_BODY = YES;
				CLANG_WARN_ENUM_CONVERSION = YES;
				CLANG_WARN_INFINITE_RECURSION = YES;
				CLANG_WARN_INT_CONVERSION = YES;
				CLANG_WARN_NON_LITERAL_NULL_CONVERSION = YES;
				CLANG_WARN_OBJC_IMPLICIT_RETAIN_SELF = YES;
				CLANG_WARN_OBJC_LITERAL_CONVERSION = YES;
				CLANG_WARN_OBJC_ROOT_CLASS = YES_ERROR;
				CLANG_WARN_RANGE_LOOP_ANALYSIS = YES;
				CLANG_WARN_STRICT_PROTOTYPES = YES;
				CLANG_WARN_SUSPICIOUS_MOVE = YES;
				CLANG_WARN_UNGUARDED_AVAILABILITY = YES_AGGRESSIVE;
				CLANG_WARN_UNREACHABLE_CODE = YES;
				CLANG_WARN__DUPLICATE_METHOD_MATCH = YES;
				COPY_PHASE_STRIP = NO;
				DEBUG_INFORMATION_FORMAT = dwarf;
				ENABLE_STRICT_OBJC_MSGSEND = YES;
				ENABLE_TESTABILITY = YES;
				GCC_C_LANGUAGE_STANDARD = gnu11;
				GCC_DYNAMIC_NO_PIC = NO;
				GCC_NO_COMMON_BLOCKS = YES;
				GCC_OPTIMIZATION_LEVEL = 0;
				GCC_PREPROCESSOR_DEFINITIONS = (
					"DEBUG=1",
					"$(inherited)",
				);
				GCC_WARN_64_TO_32_BIT_CONVERSION = YES;
				GCC_WARN_ABOUT_RETURN_TYPE = YES_ERROR;
				GCC_WARN_UNDECLARED_SELECTOR = YES;
				GCC_WARN_UNINITIALIZED_AUTOS = YES_AGGRESSIVE;
				GCC_WARN_UNUSED_FUNCTION = YES;
				GCC_WARN_UNUSED_VARIABLE = YES;
				MACOSX_DEPLOYMENT_TARGET = 10.15;
				MTL_ENABLE_DEBUG_INFO = INCLUDE_SOURCE;
				MTL_FAST_MATH = YES;
				ONLY_ACTIVE_ARCH = YES;
				SDKROOT = macosx;
			};
			name = Debug;
		};
		53904052274C3E9500C10CF5 /* Release */ = {
			isa = XCBuildConfiguration;
			buildSettings = {
				ALWAYS_SEARCH_USER_PATHS = NO;
				CLANG_ANALYZER_NONNULL = YES;
				CLANG_ANALYZER_NUMBER_OBJECT_CONVERSION = YES_AGGRESSIVE;
				CLANG_CXX_LANGUAGE_STANDARD = "gnu++14";
				CLANG_CXX_LIBRARY = "libc++";
				CLANG_ENABLE_MODULES = YES;
				CLANG_ENABLE_OBJC_ARC = YES;
				CLANG_ENABLE_OBJC_WEAK = YES;
				CLANG_WARN_BLOCK_CAPTURE_AUTORELEASING = YES;
				CLANG_WARN_BOOL_CONVERSION = YES;
				CLANG_WARN_COMMA = YES;
				CLANG_WARN_CONSTANT_CONVERSION = YES;
				CLANG_WARN_DEPRECATED_OBJC_IMPLEMENTATIONS = YES;
				CLANG_WARN_DIRECT_OBJC_ISA_USAGE = YES_ERROR;
				CLANG_WARN_DOCUMENTATION_COMMENTS = YES;
				CLANG_WARN_EMPTY_BODY = YES;
				CLANG_WARN_ENUM_CONVERSION = YES;
				CLANG_WARN_INFINITE_RECURSION = YES;
				CLANG_WARN_INT_CONVERSION = YES;
				CLANG_WARN_NON_LITERAL_NULL_CONVERSION = YES;
				CLANG_WARN_OBJC_IMPLICIT_RETAIN_SELF = YES;
				CLANG_WARN_OBJC_LITERAL_CONVERSION = YES;
				CLANG_WARN_OBJC_ROOT_CLASS = YES_ERROR;
				CLANG_WARN_RANGE_LOOP_ANALYSIS = YES;
				CLANG_WARN_STRICT_PROTOTYPES = YES;
				CLANG_WARN_SUSPICIOUS_MOVE = YES;
				CLANG_WARN_UNGUARDED_AVAILABILITY = YES_AGGRESSIVE;
				CLANG_WARN_UNREACHABLE_CODE = YES;
				CLANG_WARN__DUPLICATE_METHOD_MATCH = YES;
				COPY_PHASE_STRIP = NO;
				DEBUG_INFORMATION_FORMAT = "dwarf-with-dsym";
				ENABLE_NS_ASSERTIONS = NO;
				ENABLE_STRICT_OBJC_MSGSEND = YES;
				GCC_C_LANGUAGE_STANDARD = gnu11;
				GCC_NO_COMMON_BLOCKS = YES;
				GCC_WARN_64_TO_32_BIT_CONVERSION = YES;
				GCC_WARN_ABOUT_RETURN_TYPE = YES_ERROR;
				GCC_WARN_UNDECLARED_SELECTOR = YES;
				GCC_WARN_UNINITIALIZED_AUTOS = YES_AGGRESSIVE;
				GCC_WARN_UNUSED_FUNCTION = YES;
				GCC_WARN_UNUSED_VARIABLE = YES;
				MACOSX_DEPLOYMENT_TARGET = 10.15;
				MTL_ENABLE_DEBUG_INFO = NO;
				MTL_FAST_MATH = YES;
				SDKROOT = macosx;
			};
			name = Release;
		};
		53904054274C3E9500C10CF5 /* Debug */ = {
			isa = XCBuildConfiguration;
			buildSettings = {
				CODE_SIGN_STYLE = Automatic;
				PRODUCT_NAME = "$(TARGET_NAME)";
			};
			name = Debug;
		};
		53904055274C3E9500C10CF5 /* Release */ = {
			isa = XCBuildConfiguration;
			buildSettings = {
				CODE_SIGN_STYLE = Automatic;
				PRODUCT_NAME = "$(TARGET_NAME)";
			};
			name = Release;
		};
/* End XCBuildConfiguration section */

/* Begin XCConfigurationList section */
		53904047274C3E9500C10CF5 /* Build configuration list for PBXProject "OS1draft" */ = {
			isa = XCConfigurationList;
			buildConfigurations = (
				53904051274C3E9500C10CF5 /* Debug */,
				53904052274C3E9500C10CF5 /* Release */,
			);
			defaultConfigurationIsVisible = 0;
			defaultConfigurationName = Release;
		};
		53904053274C3E9500C10CF5 /* Build configuration list for PBXNativeTarget "OS1draft" */ = {
			isa = XCConfigurationList;
			buildConfigurations = (
				53904054274C3E9500C10CF5 /* Debug */,
				53904055274C3E9500C10CF5 /* Release */,
			);
			defaultConfigurationIsVisible = 0;
			defaultConfigurationName = Release;
		};
/* End XCConfigurationList section */
	};
	rootObject = 53904044274C3E9500C10CF5 /* Project object */;
}
